
Microsoft Visual Studio Solution File, Format Version 12.00
# Visual Studio Version 17
VisualStudioVersion = 17.13.35913.81 d17.13
MinimumVisualStudioVersion = 10.0.40219.1
Project("{8BC9CEB8-8B4A-11D0-8D11-00A0C91BC942}") = "OS_Scheduling_Project", "OS_Scheduling_Project\OS_Scheduling_Project.vcxproj", "{0E28C34C-8620-4E56-9871-09D8B8AC1C10}"
EndProject
Global
	GlobalSection(SolutionConfigurationPlatforms) = preSolution
		Debug|x64 = Debug|x64
		Debug|x86 = Debug|x86
		Release|x64 = Release|x64
		Release|x86 = Release|x86
	EndGlobalSection
	GlobalSection(ProjectConfigurationPlatforms) = postSolution
		{0E28C34C-8620-4E56-9871-09D8B8AC1C10}.Debug|x64.ActiveCfg = Debug|x64
		{0E28C34C-8620-4E56-9871-09D8B8AC1C10}.Debug|x64.Build.0 = Debug|x64
		{0E28C34C-8620-4E56-9871-09D8B8AC1C10}.Debug|x86.ActiveCfg = Debug|Win32
		{0E28C34C-8620-4E56-9871-09D8B8AC1C10}.Debug|x86.Build.0 = Debug|Win32
		{0E28C34C-8620-4E56-9871-09D8B8AC1C10}.Release|x64.ActiveCfg = Release|x64
		{0E28C34C-8620-4E56-9871-09D8B8AC1C10}.Release|x64.Build.0 = Release|x64
		{0E28C34C-8620-4E56-9871-09D8B8AC1C10}.Release|x86.ActiveCfg = Release|Win32
		{0E28C34C-8620-4E56-9871-09D8B8AC1C10}.Release|x86.Build.0 = Release|Win32
	EndGlobalSection
	GlobalSection(SolutionProperties) = preSolution
		HideSolutionNode = FALSE
	EndGlobalSection
	GlobalSection(ExtensibilityGlobals) = postSolution
		SolutionGuid = {84E9F657-4FC4-43B2-8C89-887623E15225}
	EndGlobalSection
EndGlobal
